
Microsoft Visual Studio Solution File, Format Version 12.00
# Visual Studio Version 17
VisualStudioVersion = 17.5.33530.505
MinimumVisualStudioVersion = 10.0.40219.1
Project("{FAE04EC0-301F-11D3-BF4B-00C04F79EFBC}") = "car-prices-backend", "car-prices-backend\car-prices-backend.csproj", "{46FA5A68-849B-4815-97B6-19078F2F81F1}"
EndProject
Global
	GlobalSection(SolutionConfigurationPlatforms) = preSolution
		Debug|Any CPU = Debug|Any CPU
		Release|Any CPU = Release|Any CPU
	EndGlobalSection
	GlobalSection(ProjectConfigurationPlatforms) = postSolution
		{46FA5A68-849B-4815-97B6-19078F2F81F1}.Debug|Any CPU.ActiveCfg = Debug|Any CPU
		{46FA5A68-849B-4815-97B6-19078F2F81F1}.Debug|Any CPU.Build.0 = Debug|Any CPU
		{46FA5A68-849B-4815-97B6-19078F2F81F1}.Release|Any CPU.ActiveCfg = Release|Any CPU
		{46FA5A68-849B-4815-97B6-19078F2F81F1}.Release|Any CPU.Build.0 = Release|Any CPU
	EndGlobalSection
	GlobalSection(SolutionProperties) = preSolution
		HideSolutionNode = FALSE
	EndGlobalSection
	GlobalSection(ExtensibilityGlobals) = postSolution
		SolutionGuid = {F40DFC14-4424-428A-AFD3-FF5368011E64}
	EndGlobalSection
EndGlobal
